
Microsoft Visual Studio Solution File, Format Version 12.00
# Visual Studio Version 17
VisualStudioVersion = 17.0.31903.59
MinimumVisualStudioVersion = 10.0.40219.1
Project("{2150E333-8FDC-42A3-9474-1A3956D46DE8}") = "src", "src", "{7D5CAF5C-FA8D-4C9B-95F1-3834DA310F47}"
EndProject
Project("{2150E333-8FDC-42A3-9474-1A3956D46DE8}") = "Services", "Services", "{621873E3-7108-4445-A59A-4C96046D5D7A}"
EndProject
Project("{2150E333-8FDC-42A3-9474-1A3956D46DE8}") = "IdentityService", "IdentityService", "{501BD441-578A-412C-96AA-1B9CE45BBBBF}"
EndProject
Project("{FAE04EC0-301F-11D3-BF4B-00C04F79EFBC}") = "IdentityService.Domain", "src\Services\IdentityService\IdentityService.Domain\IdentityService.Domain.csproj", "{F0A2FB25-A78E-4592-9834-F34266518DED}"
EndProject
Project("{FAE04EC0-301F-11D3-BF4B-00C04F79EFBC}") = "IdentityService.Application", "src\Services\IdentityService\IdentityService.Application\IdentityService.Application.csproj", "{3EFBAAFA-8203-4D35-A879-A596CC0E8B6F}"
EndProject
Project("{FAE04EC0-301F-11D3-BF4B-00C04F79EFBC}") = "IdentityService.Infrastructure", "src\Services\IdentityService\IdentityService.Infrastructure\IdentityService.Infrastructure.csproj", "{FA431CEC-6EF4-4D13-A00A-14579FEFB149}"
EndProject
Project("{FAE04EC0-301F-11D3-BF4B-00C04F79EFBC}") = "IdentityService.API", "src\Services\IdentityService\IdentityService.API\IdentityService.API.csproj", "{6654163A-5C2F-465E-B541-57B5274B6D11}"
EndProject
Project("{2150E333-8FDC-42A3-9474-1A3956D46DE8}") = "BuildingBlocks", "BuildingBlocks", "{99DFED88-10FB-A485-4FCD-BB0F4424F5A7}"
EndProject
Project("{2150E333-8FDC-42A3-9474-1A3956D46DE8}") = "EventBus", "EventBus", "{51F37690-481E-380E-F450-3E8F19A29BD8}"
EndProject
Project("{FAE04EC0-301F-11D3-BF4B-00C04F79EFBC}") = "EventBus.RabbitMQ", "src\BuildingBlocks\EventBus\EventBus.RabbitMQ\EventBus.RabbitMQ.csproj", "{0DB9F883-DF2E-4FCB-B190-FFF03173F1CA}"
EndProject
Project("{FAE04EC0-301F-11D3-BF4B-00C04F79EFBC}") = "EventBus.Abstraction", "src\BuildingBlocks\EventBus\EventBus.Abstraction\EventBus.Abstraction.csproj", "{2E3973E2-4219-4AD4-9D20-A609981D9673}"
EndProject
Project("{FAE04EC0-301F-11D3-BF4B-00C04F79EFBC}") = "FunctionalService", "src\Services\FunctionalService\FunctionalService.csproj", "{3DBD7D69-7FD7-419E-B22C-AE843B1EFBAB}"
EndProject
Project("{2150E333-8FDC-42A3-9474-1A3956D46DE8}") = "PropertyService", "PropertyService", "{C475BF62-9A24-1CE1-86E6-7122BFB64F31}"
EndProject
Project("{FAE04EC0-301F-11D3-BF4B-00C04F79EFBC}") = "PropertyService.API", "src\Services\PropertyService\PropertyService.API\PropertyService.API.csproj", "{9B3965D4-6D0B-49A7-93AE-1D4CF8BB27F6}"
EndProject
Project("{FAE04EC0-301F-11D3-BF4B-00C04F79EFBC}") = "PropertyService.Application", "src\Services\PropertyService\PropertyService.Application\PropertyService.Application.csproj", "{68B59214-1C1E-4BA5-BFBC-78657CE31739}"
EndProject
Project("{FAE04EC0-301F-11D3-BF4B-00C04F79EFBC}") = "PropertyService.Domain", "src\Services\PropertyService\PropertyService.Domain\PropertyService.Domain.csproj", "{11E26E9A-4BBA-43A5-A235-0DDFC3C7CAA6}"
EndProject
Project("{FAE04EC0-301F-11D3-BF4B-00C04F79EFBC}") = "PropertyService.Infrastructure", "src\Services\PropertyService\PropertyService.Infrastructure\PropertyService.Infrastructure.csproj", "{68AAC553-54FF-44CD-A249-A059043D3380}"
EndProject
Project("{2150E333-8FDC-42A3-9474-1A3956D46DE8}") = "PaymentService", "PaymentService", "{FF8C0057-5409-E7D5-D4E1-A5BA3081D03D}"
EndProject
Project("{FAE04EC0-301F-11D3-BF4B-00C04F79EFBC}") = "PaymentService.API", "src\Services\PaymentService\PaymentService.API\PaymentService.API.csproj", "{1FAD2745-7CE8-4DAC-8BCD-BC411C7D5768}"
EndProject
Project("{FAE04EC0-301F-11D3-BF4B-00C04F79EFBC}") = "PaymentService.Application", "src\Services\PaymentService\PaymentService.Application\PaymentService.Application.csproj", "{4B1EC8A9-4045-422D-8B54-1442DD93CB1D}"
EndProject
Project("{FAE04EC0-301F-11D3-BF4B-00C04F79EFBC}") = "PaymentService.Domain", "src\Services\PaymentService\PaymentService.Domain\PaymentService.Domain.csproj", "{D0EBFA5D-6378-4901-8D87-E99925802785}"
EndProject
Project("{FAE04EC0-301F-11D3-BF4B-00C04F79EFBC}") = "PaymentService.Infrastructure", "src\Services\PaymentService\PaymentService.Infrastructure\PaymentService.Infrastructure.csproj", "{62C268A6-D6CC-404F-81B2-8A00D5D291E4}"
EndProject
Project("{2150E333-8FDC-42A3-9474-1A3956D46DE8}") = "Core", "Core", "{1E89270F-6465-4868-08FB-3CD3198811C8}"
EndProject
Project("{FAE04EC0-301F-11D3-BF4B-00C04F79EFBC}") = "Core.Domain", "src\BuildingBlocks\Core\Core.Domain\Core.Domain.csproj", "{3EAC0864-AF79-443E-8600-C66A04175D7C}"
EndProject
Project("{2150E333-8FDC-42A3-9474-1A3956D46DE8}") = "tests", "tests", "{0AB3BF05-4346-4AA6-1389-037BE0695223}"
EndProject
Project("{2150E333-8FDC-42A3-9474-1A3956D46DE8}") = "Unit", "Unit", "{9D556B49-86D1-93A7-9596-FFAAB74EC556}"
EndProject
Project("{2150E333-8FDC-42A3-9474-1A3956D46DE8}") = "BuildingBlocks", "BuildingBlocks", "{51F29FD8-BB56-D214-A03A-0EB47A7E6900}"
EndProject
Project("{2150E333-8FDC-42A3-9474-1A3956D46DE8}") = "Core", "Core", "{47188E49-1D16-117B-0658-6647BF311DBC}"
EndProject
Project("{FAE04EC0-301F-11D3-BF4B-00C04F79EFBC}") = "Core.Domain.Tests", "tests\Unit\BuildingBlocks\Core\Core.Domain.Tests\Core.Domain.Tests.csproj", "{39A31C4C-522C-4657-9190-10B0753818BC}"
EndProject
Project("{FAE04EC0-301F-11D3-BF4B-00C04F79EFBC}") = "Core.Application", "src\BuildingBlocks\Core\Core.Application\Core.Application.csproj", "{335DBB96-54A1-4166-9B02-35C4C72033EB}"
EndProject
Project("{2150E333-8FDC-42A3-9474-1A3956D46DE8}") = "Common", "Common", "{7708F16F-E5A5-9E49-F7B1-449E6CAE3D82}"
EndProject
Project("{FAE04EC0-301F-11D3-BF4B-00C04F79EFBC}") = "Common.Application", "src\BuildingBlocks\Common\Common.Application\Common.Application.csproj", "{05CE414A-8EEE-4EED-A7C7-88903901D7BC}"
EndProject
Project("{FAE04EC0-301F-11D3-BF4B-00C04F79EFBC}") = "Common.Domain", "src\BuildingBlocks\Common\Common.Domain\Common.Domain.csproj", "{73F91331-C24E-409F-90E6-9411F8A9ECDF}"
EndProject
Project("{FAE04EC0-301F-11D3-BF4B-00C04F79EFBC}") = "Common.Infrastructure", "src\BuildingBlocks\Common\Common.Infrastructure\Common.Infrastructure.csproj", "{3DC7AE76-A19A-475B-BE22-2590D91B180E}"
EndProject
Project("{FAE04EC0-301F-11D3-BF4B-00C04F79EFBC}") = "Common.Presentation", "src\BuildingBlocks\Common\Common.Presentation\Common.Presentation.csproj", "{803BCFE6-5652-4DD6-89BC-52620FE24808}"
EndProject
Project("{FAE04EC0-301F-11D3-BF4B-00C04F79EFBC}") = "Contracts", "src\BuildingBlocks\Contracts\Contracts.csproj", "{10405A9B-BD8F-4066-B296-55A519200E4D}"
EndProject
Global
	GlobalSection(SolutionConfigurationPlatforms) = preSolution
		Debug|Any CPU = Debug|Any CPU
		Debug|x64 = Debug|x64
		Debug|x86 = Debug|x86
		Release|Any CPU = Release|Any CPU
		Release|x64 = Release|x64
		Release|x86 = Release|x86
	EndGlobalSection
	GlobalSection(ProjectConfigurationPlatforms) = postSolution
		{F0A2FB25-A78E-4592-9834-F34266518DED}.Debug|Any CPU.ActiveCfg = Debug|Any CPU
		{F0A2FB25-A78E-4592-9834-F34266518DED}.Debug|Any CPU.Build.0 = Debug|Any CPU
		{F0A2FB25-A78E-4592-9834-F34266518DED}.Debug|x64.ActiveCfg = Debug|Any CPU
		{F0A2FB25-A78E-4592-9834-F34266518DED}.Debug|x64.Build.0 = Debug|Any CPU
		{F0A2FB25-A78E-4592-9834-F34266518DED}.Debug|x86.ActiveCfg = Debug|Any CPU
		{F0A2FB25-A78E-4592-9834-F34266518DED}.Debug|x86.Build.0 = Debug|Any CPU
		{F0A2FB25-A78E-4592-9834-F34266518DED}.Release|Any CPU.ActiveCfg = Release|Any CPU
		{F0A2FB25-A78E-4592-9834-F34266518DED}.Release|Any CPU.Build.0 = Release|Any CPU
		{F0A2FB25-A78E-4592-9834-F34266518DED}.Release|x64.ActiveCfg = Release|Any CPU
		{F0A2FB25-A78E-4592-9834-F34266518DED}.Release|x64.Build.0 = Release|Any CPU
		{F0A2FB25-A78E-4592-9834-F34266518DED}.Release|x86.ActiveCfg = Release|Any CPU
		{F0A2FB25-A78E-4592-9834-F34266518DED}.Release|x86.Build.0 = Release|Any CPU
		{3EFBAAFA-8203-4D35-A879-A596CC0E8B6F}.Debug|Any CPU.ActiveCfg = Debug|Any CPU
		{3EFBAAFA-8203-4D35-A879-A596CC0E8B6F}.Debug|Any CPU.Build.0 = Debug|Any CPU
		{3EFBAAFA-8203-4D35-A879-A596CC0E8B6F}.Debug|x64.ActiveCfg = Debug|Any CPU
		{3EFBAAFA-8203-4D35-A879-A596CC0E8B6F}.Debug|x64.Build.0 = Debug|Any CPU
		{3EFBAAFA-8203-4D35-A879-A596CC0E8B6F}.Debug|x86.ActiveCfg = Debug|Any CPU
		{3EFBAAFA-8203-4D35-A879-A596CC0E8B6F}.Debug|x86.Build.0 = Debug|Any CPU
		{3EFBAAFA-8203-4D35-A879-A596CC0E8B6F}.Release|Any CPU.ActiveCfg = Release|Any CPU
		{3EFBAAFA-8203-4D35-A879-A596CC0E8B6F}.Release|Any CPU.Build.0 = Release|Any CPU
		{3EFBAAFA-8203-4D35-A879-A596CC0E8B6F}.Release|x64.ActiveCfg = Release|Any CPU
		{3EFBAAFA-8203-4D35-A879-A596CC0E8B6F}.Release|x64.Build.0 = Release|Any CPU
		{3EFBAAFA-8203-4D35-A879-A596CC0E8B6F}.Release|x86.ActiveCfg = Release|Any CPU
		{3EFBAAFA-8203-4D35-A879-A596CC0E8B6F}.Release|x86.Build.0 = Release|Any CPU
		{FA431CEC-6EF4-4D13-A00A-14579FEFB149}.Debug|Any CPU.ActiveCfg = Debug|Any CPU
		{FA431CEC-6EF4-4D13-A00A-14579FEFB149}.Debug|Any CPU.Build.0 = Debug|Any CPU
		{FA431CEC-6EF4-4D13-A00A-14579FEFB149}.Debug|x64.ActiveCfg = Debug|Any CPU
		{FA431CEC-6EF4-4D13-A00A-14579FEFB149}.Debug|x64.Build.0 = Debug|Any CPU
		{FA431CEC-6EF4-4D13-A00A-14579FEFB149}.Debug|x86.ActiveCfg = Debug|Any CPU
		{FA431CEC-6EF4-4D13-A00A-14579FEFB149}.Debug|x86.Build.0 = Debug|Any CPU
		{FA431CEC-6EF4-4D13-A00A-14579FEFB149}.Release|Any CPU.ActiveCfg = Release|Any CPU
		{FA431CEC-6EF4-4D13-A00A-14579FEFB149}.Release|Any CPU.Build.0 = Release|Any CPU
		{FA431CEC-6EF4-4D13-A00A-14579FEFB149}.Release|x64.ActiveCfg = Release|Any CPU
		{FA431CEC-6EF4-4D13-A00A-14579FEFB149}.Release|x64.Build.0 = Release|Any CPU
		{FA431CEC-6EF4-4D13-A00A-14579FEFB149}.Release|x86.ActiveCfg = Release|Any CPU
		{FA431CEC-6EF4-4D13-A00A-14579FEFB149}.Release|x86.Build.0 = Release|Any CPU
		{6654163A-5C2F-465E-B541-57B5274B6D11}.Debug|Any CPU.ActiveCfg = Debug|Any CPU
		{6654163A-5C2F-465E-B541-57B5274B6D11}.Debug|Any CPU.Build.0 = Debug|Any CPU
		{6654163A-5C2F-465E-B541-57B5274B6D11}.Debug|x64.ActiveCfg = Debug|Any CPU
		{6654163A-5C2F-465E-B541-57B5274B6D11}.Debug|x64.Build.0 = Debug|Any CPU
		{6654163A-5C2F-465E-B541-57B5274B6D11}.Debug|x86.ActiveCfg = Debug|Any CPU
		{6654163A-5C2F-465E-B541-57B5274B6D11}.Debug|x86.Build.0 = Debug|Any CPU
		{6654163A-5C2F-465E-B541-57B5274B6D11}.Release|Any CPU.ActiveCfg = Release|Any CPU
		{6654163A-5C2F-465E-B541-57B5274B6D11}.Release|Any CPU.Build.0 = Release|Any CPU
		{6654163A-5C2F-465E-B541-57B5274B6D11}.Release|x64.ActiveCfg = Release|Any CPU
		{6654163A-5C2F-465E-B541-57B5274B6D11}.Release|x64.Build.0 = Release|Any CPU
		{6654163A-5C2F-465E-B541-57B5274B6D11}.Release|x86.ActiveCfg = Release|Any CPU
		{6654163A-5C2F-465E-B541-57B5274B6D11}.Release|x86.Build.0 = Release|Any CPU
		{0DB9F883-DF2E-4FCB-B190-FFF03173F1CA}.Debug|Any CPU.ActiveCfg = Debug|Any CPU
		{0DB9F883-DF2E-4FCB-B190-FFF03173F1CA}.Debug|Any CPU.Build.0 = Debug|Any CPU
		{0DB9F883-DF2E-4FCB-B190-FFF03173F1CA}.Debug|x64.ActiveCfg = Debug|Any CPU
		{0DB9F883-DF2E-4FCB-B190-FFF03173F1CA}.Debug|x64.Build.0 = Debug|Any CPU
		{0DB9F883-DF2E-4FCB-B190-FFF03173F1CA}.Debug|x86.ActiveCfg = Debug|Any CPU
		{0DB9F883-DF2E-4FCB-B190-FFF03173F1CA}.Debug|x86.Build.0 = Debug|Any CPU
		{0DB9F883-DF2E-4FCB-B190-FFF03173F1CA}.Release|Any CPU.ActiveCfg = Release|Any CPU
		{0DB9F883-DF2E-4FCB-B190-FFF03173F1CA}.Release|Any CPU.Build.0 = Release|Any CPU
		{0DB9F883-DF2E-4FCB-B190-FFF03173F1CA}.Release|x64.ActiveCfg = Release|Any CPU
		{0DB9F883-DF2E-4FCB-B190-FFF03173F1CA}.Release|x64.Build.0 = Release|Any CPU
		{0DB9F883-DF2E-4FCB-B190-FFF03173F1CA}.Release|x86.ActiveCfg = Release|Any CPU
		{0DB9F883-DF2E-4FCB-B190-FFF03173F1CA}.Release|x86.Build.0 = Release|Any CPU
		{2E3973E2-4219-4AD4-9D20-A609981D9673}.Debug|Any CPU.ActiveCfg = Debug|Any CPU
		{2E3973E2-4219-4AD4-9D20-A609981D9673}.Debug|Any CPU.Build.0 = Debug|Any CPU
		{2E3973E2-4219-4AD4-9D20-A609981D9673}.Debug|x64.ActiveCfg = Debug|Any CPU
		{2E3973E2-4219-4AD4-9D20-A609981D9673}.Debug|x64.Build.0 = Debug|Any CPU
		{2E3973E2-4219-4AD4-9D20-A609981D9673}.Debug|x86.ActiveCfg = Debug|Any CPU
		{2E3973E2-4219-4AD4-9D20-A609981D9673}.Debug|x86.Build.0 = Debug|Any CPU
		{2E3973E2-4219-4AD4-9D20-A609981D9673}.Release|Any CPU.ActiveCfg = Release|Any CPU
		{2E3973E2-4219-4AD4-9D20-A609981D9673}.Release|Any CPU.Build.0 = Release|Any CPU
		{2E3973E2-4219-4AD4-9D20-A609981D9673}.Release|x64.ActiveCfg = Release|Any CPU
		{2E3973E2-4219-4AD4-9D20-A609981D9673}.Release|x64.Build.0 = Release|Any CPU
		{2E3973E2-4219-4AD4-9D20-A609981D9673}.Release|x86.ActiveCfg = Release|Any CPU
		{2E3973E2-4219-4AD4-9D20-A609981D9673}.Release|x86.Build.0 = Release|Any CPU
		{3DBD7D69-7FD7-419E-B22C-AE843B1EFBAB}.Debug|Any CPU.ActiveCfg = Debug|Any CPU
		{3DBD7D69-7FD7-419E-B22C-AE843B1EFBAB}.Debug|Any CPU.Build.0 = Debug|Any CPU
		{3DBD7D69-7FD7-419E-B22C-AE843B1EFBAB}.Debug|x64.ActiveCfg = Debug|Any CPU
		{3DBD7D69-7FD7-419E-B22C-AE843B1EFBAB}.Debug|x64.Build.0 = Debug|Any CPU
		{3DBD7D69-7FD7-419E-B22C-AE843B1EFBAB}.Debug|x86.ActiveCfg = Debug|Any CPU
		{3DBD7D69-7FD7-419E-B22C-AE843B1EFBAB}.Debug|x86.Build.0 = Debug|Any CPU
		{3DBD7D69-7FD7-419E-B22C-AE843B1EFBAB}.Release|Any CPU.ActiveCfg = Release|Any CPU
		{3DBD7D69-7FD7-419E-B22C-AE843B1EFBAB}.Release|Any CPU.Build.0 = Release|Any CPU
		{3DBD7D69-7FD7-419E-B22C-AE843B1EFBAB}.Release|x64.ActiveCfg = Release|Any CPU
		{3DBD7D69-7FD7-419E-B22C-AE843B1EFBAB}.Release|x64.Build.0 = Release|Any CPU
		{3DBD7D69-7FD7-419E-B22C-AE843B1EFBAB}.Release|x86.ActiveCfg = Release|Any CPU
		{3DBD7D69-7FD7-419E-B22C-AE843B1EFBAB}.Release|x86.Build.0 = Release|Any CPU
		{9B3965D4-6D0B-49A7-93AE-1D4CF8BB27F6}.Debug|Any CPU.ActiveCfg = Debug|Any CPU
		{9B3965D4-6D0B-49A7-93AE-1D4CF8BB27F6}.Debug|Any CPU.Build.0 = Debug|Any CPU
		{9B3965D4-6D0B-49A7-93AE-1D4CF8BB27F6}.Debug|x64.ActiveCfg = Debug|Any CPU
		{9B3965D4-6D0B-49A7-93AE-1D4CF8BB27F6}.Debug|x64.Build.0 = Debug|Any CPU
		{9B3965D4-6D0B-49A7-93AE-1D4CF8BB27F6}.Debug|x86.ActiveCfg = Debug|Any CPU
		{9B3965D4-6D0B-49A7-93AE-1D4CF8BB27F6}.Debug|x86.Build.0 = Debug|Any CPU
		{9B3965D4-6D0B-49A7-93AE-1D4CF8BB27F6}.Release|Any CPU.ActiveCfg = Release|Any CPU
		{9B3965D4-6D0B-49A7-93AE-1D4CF8BB27F6}.Release|Any CPU.Build.0 = Release|Any CPU
		{9B3965D4-6D0B-49A7-93AE-1D4CF8BB27F6}.Release|x64.ActiveCfg = Release|Any CPU
		{9B3965D4-6D0B-49A7-93AE-1D4CF8BB27F6}.Release|x64.Build.0 = Release|Any CPU
		{9B3965D4-6D0B-49A7-93AE-1D4CF8BB27F6}.Release|x86.ActiveCfg = Release|Any CPU
		{9B3965D4-6D0B-49A7-93AE-1D4CF8BB27F6}.Release|x86.Build.0 = Release|Any CPU
		{68B59214-1C1E-4BA5-BFBC-78657CE31739}.Debug|Any CPU.ActiveCfg = Debug|Any CPU
		{68B59214-1C1E-4BA5-BFBC-78657CE31739}.Debug|Any CPU.Build.0 = Debug|Any CPU
		{68B59214-1C1E-4BA5-BFBC-78657CE31739}.Debug|x64.ActiveCfg = Debug|Any CPU
		{68B59214-1C1E-4BA5-BFBC-78657CE31739}.Debug|x64.Build.0 = Debug|Any CPU
		{68B59214-1C1E-4BA5-BFBC-78657CE31739}.Debug|x86.ActiveCfg = Debug|Any CPU
		{68B59214-1C1E-4BA5-BFBC-78657CE31739}.Debug|x86.Build.0 = Debug|Any CPU
		{68B59214-1C1E-4BA5-BFBC-78657CE31739}.Release|Any CPU.ActiveCfg = Release|Any CPU
		{68B59214-1C1E-4BA5-BFBC-78657CE31739}.Release|Any CPU.Build.0 = Release|Any CPU
		{68B59214-1C1E-4BA5-BFBC-78657CE31739}.Release|x64.ActiveCfg = Release|Any CPU
		{68B59214-1C1E-4BA5-BFBC-78657CE31739}.Release|x64.Build.0 = Release|Any CPU
		{68B59214-1C1E-4BA5-BFBC-78657CE31739}.Release|x86.ActiveCfg = Release|Any CPU
		{68B59214-1C1E-4BA5-BFBC-78657CE31739}.Release|x86.Build.0 = Release|Any CPU
		{11E26E9A-4BBA-43A5-A235-0DDFC3C7CAA6}.Debug|Any CPU.ActiveCfg = Debug|Any CPU
		{11E26E9A-4BBA-43A5-A235-0DDFC3C7CAA6}.Debug|Any CPU.Build.0 = Debug|Any CPU
		{11E26E9A-4BBA-43A5-A235-0DDFC3C7CAA6}.Debug|x64.ActiveCfg = Debug|Any CPU
		{11E26E9A-4BBA-43A5-A235-0DDFC3C7CAA6}.Debug|x64.Build.0 = Debug|Any CPU
		{11E26E9A-4BBA-43A5-A235-0DDFC3C7CAA6}.Debug|x86.ActiveCfg = Debug|Any CPU
		{11E26E9A-4BBA-43A5-A235-0DDFC3C7CAA6}.Debug|x86.Build.0 = Debug|Any CPU
		{11E26E9A-4BBA-43A5-A235-0DDFC3C7CAA6}.Release|Any CPU.ActiveCfg = Release|Any CPU
		{11E26E9A-4BBA-43A5-A235-0DDFC3C7CAA6}.Release|Any CPU.Build.0 = Release|Any CPU
		{11E26E9A-4BBA-43A5-A235-0DDFC3C7CAA6}.Release|x64.ActiveCfg = Release|Any CPU
		{11E26E9A-4BBA-43A5-A235-0DDFC3C7CAA6}.Release|x64.Build.0 = Release|Any CPU
		{11E26E9A-4BBA-43A5-A235-0DDFC3C7CAA6}.Release|x86.ActiveCfg = Release|Any CPU
		{11E26E9A-4BBA-43A5-A235-0DDFC3C7CAA6}.Release|x86.Build.0 = Release|Any CPU
		{68AAC553-54FF-44CD-A249-A059043D3380}.Debug|Any CPU.ActiveCfg = Debug|Any CPU
		{68AAC553-54FF-44CD-A249-A059043D3380}.Debug|Any CPU.Build.0 = Debug|Any CPU
		{68AAC553-54FF-44CD-A249-A059043D3380}.Debug|x64.ActiveCfg = Debug|Any CPU
		{68AAC553-54FF-44CD-A249-A059043D3380}.Debug|x64.Build.0 = Debug|Any CPU
		{68AAC553-54FF-44CD-A249-A059043D3380}.Debug|x86.ActiveCfg = Debug|Any CPU
		{68AAC553-54FF-44CD-A249-A059043D3380}.Debug|x86.Build.0 = Debug|Any CPU
		{68AAC553-54FF-44CD-A249-A059043D3380}.Release|Any CPU.ActiveCfg = Release|Any CPU
		{68AAC553-54FF-44CD-A249-A059043D3380}.Release|Any CPU.Build.0 = Release|Any CPU
		{68AAC553-54FF-44CD-A249-A059043D3380}.Release|x64.ActiveCfg = Release|Any CPU
		{68AAC553-54FF-44CD-A249-A059043D3380}.Release|x64.Build.0 = Release|Any CPU
		{68AAC553-54FF-44CD-A249-A059043D3380}.Release|x86.ActiveCfg = Release|Any CPU
		{68AAC553-54FF-44CD-A249-A059043D3380}.Release|x86.Build.0 = Release|Any CPU
		{1FAD2745-7CE8-4DAC-8BCD-BC411C7D5768}.Debug|Any CPU.ActiveCfg = Debug|Any CPU
		{1FAD2745-7CE8-4DAC-8BCD-BC411C7D5768}.Debug|Any CPU.Build.0 = Debug|Any CPU
		{1FAD2745-7CE8-4DAC-8BCD-BC411C7D5768}.Debug|x64.ActiveCfg = Debug|Any CPU
		{1FAD2745-7CE8-4DAC-8BCD-BC411C7D5768}.Debug|x64.Build.0 = Debug|Any CPU
		{1FAD2745-7CE8-4DAC-8BCD-BC411C7D5768}.Debug|x86.ActiveCfg = Debug|Any CPU
		{1FAD2745-7CE8-4DAC-8BCD-BC411C7D5768}.Debug|x86.Build.0 = Debug|Any CPU
		{1FAD2745-7CE8-4DAC-8BCD-BC411C7D5768}.Release|Any CPU.ActiveCfg = Release|Any CPU
		{1FAD2745-7CE8-4DAC-8BCD-BC411C7D5768}.Release|Any CPU.Build.0 = Release|Any CPU
		{1FAD2745-7CE8-4DAC-8BCD-BC411C7D5768}.Release|x64.ActiveCfg = Release|Any CPU
		{1FAD2745-7CE8-4DAC-8BCD-BC411C7D5768}.Release|x64.Build.0 = Release|Any CPU
		{1FAD2745-7CE8-4DAC-8BCD-BC411C7D5768}.Release|x86.ActiveCfg = Release|Any CPU
		{1FAD2745-7CE8-4DAC-8BCD-BC411C7D5768}.Release|x86.Build.0 = Release|Any CPU
		{4B1EC8A9-4045-422D-8B54-1442DD93CB1D}.Debug|Any CPU.ActiveCfg = Debug|Any CPU
		{4B1EC8A9-4045-422D-8B54-1442DD93CB1D}.Debug|Any CPU.Build.0 = Debug|Any CPU
		{4B1EC8A9-4045-422D-8B54-1442DD93CB1D}.Debug|x64.ActiveCfg = Debug|Any CPU
		{4B1EC8A9-4045-422D-8B54-1442DD93CB1D}.Debug|x64.Build.0 = Debug|Any CPU
		{4B1EC8A9-4045-422D-8B54-1442DD93CB1D}.Debug|x86.ActiveCfg = Debug|Any CPU
		{4B1EC8A9-4045-422D-8B54-1442DD93CB1D}.Debug|x86.Build.0 = Debug|Any CPU
		{4B1EC8A9-4045-422D-8B54-1442DD93CB1D}.Release|Any CPU.ActiveCfg = Release|Any CPU
		{4B1EC8A9-4045-422D-8B54-1442DD93CB1D}.Release|Any CPU.Build.0 = Release|Any CPU
		{4B1EC8A9-4045-422D-8B54-1442DD93CB1D}.Release|x64.ActiveCfg = Release|Any CPU
		{4B1EC8A9-4045-422D-8B54-1442DD93CB1D}.Release|x64.Build.0 = Release|Any CPU
		{4B1EC8A9-4045-422D-8B54-1442DD93CB1D}.Release|x86.ActiveCfg = Release|Any CPU
		{4B1EC8A9-4045-422D-8B54-1442DD93CB1D}.Release|x86.Build.0 = Release|Any CPU
		{D0EBFA5D-6378-4901-8D87-E99925802785}.Debug|Any CPU.ActiveCfg = Debug|Any CPU
		{D0EBFA5D-6378-4901-8D87-E99925802785}.Debug|Any CPU.Build.0 = Debug|Any CPU
		{D0EBFA5D-6378-4901-8D87-E99925802785}.Debug|x64.ActiveCfg = Debug|Any CPU
		{D0EBFA5D-6378-4901-8D87-E99925802785}.Debug|x64.Build.0 = Debug|Any CPU
		{D0EBFA5D-6378-4901-8D87-E99925802785}.Debug|x86.ActiveCfg = Debug|Any CPU
		{D0EBFA5D-6378-4901-8D87-E99925802785}.Debug|x86.Build.0 = Debug|Any CPU
		{D0EBFA5D-6378-4901-8D87-E99925802785}.Release|Any CPU.ActiveCfg = Release|Any CPU
		{D0EBFA5D-6378-4901-8D87-E99925802785}.Release|Any CPU.Build.0 = Release|Any CPU
		{D0EBFA5D-6378-4901-8D87-E99925802785}.Release|x64.ActiveCfg = Release|Any CPU
		{D0EBFA5D-6378-4901-8D87-E99925802785}.Release|x64.Build.0 = Release|Any CPU
		{D0EBFA5D-6378-4901-8D87-E99925802785}.Release|x86.ActiveCfg = Release|Any CPU
		{D0EBFA5D-6378-4901-8D87-E99925802785}.Release|x86.Build.0 = Release|Any CPU
		{62C268A6-D6CC-404F-81B2-8A00D5D291E4}.Debug|Any CPU.ActiveCfg = Debug|Any CPU
		{62C268A6-D6CC-404F-81B2-8A00D5D291E4}.Debug|Any CPU.Build.0 = Debug|Any CPU
		{62C268A6-D6CC-404F-81B2-8A00D5D291E4}.Debug|x64.ActiveCfg = Debug|Any CPU
		{62C268A6-D6CC-404F-81B2-8A00D5D291E4}.Debug|x64.Build.0 = Debug|Any CPU
		{62C268A6-D6CC-404F-81B2-8A00D5D291E4}.Debug|x86.ActiveCfg = Debug|Any CPU
		{62C268A6-D6CC-404F-81B2-8A00D5D291E4}.Debug|x86.Build.0 = Debug|Any CPU
		{62C268A6-D6CC-404F-81B2-8A00D5D291E4}.Release|Any CPU.ActiveCfg = Release|Any CPU
		{62C268A6-D6CC-404F-81B2-8A00D5D291E4}.Release|Any CPU.Build.0 = Release|Any CPU
		{62C268A6-D6CC-404F-81B2-8A00D5D291E4}.Release|x64.ActiveCfg = Release|Any CPU
		{62C268A6-D6CC-404F-81B2-8A00D5D291E4}.Release|x64.Build.0 = Release|Any CPU
		{62C268A6-D6CC-404F-81B2-8A00D5D291E4}.Release|x86.ActiveCfg = Release|Any CPU
		{62C268A6-D6CC-404F-81B2-8A00D5D291E4}.Release|x86.Build.0 = Release|Any CPU
		{3EAC0864-AF79-443E-8600-C66A04175D7C}.Debug|Any CPU.ActiveCfg = Debug|Any CPU
		{3EAC0864-AF79-443E-8600-C66A04175D7C}.Debug|Any CPU.Build.0 = Debug|Any CPU
		{3EAC0864-AF79-443E-8600-C66A04175D7C}.Debug|x64.ActiveCfg = Debug|Any CPU
		{3EAC0864-AF79-443E-8600-C66A04175D7C}.Debug|x64.Build.0 = Debug|Any CPU
		{3EAC0864-AF79-443E-8600-C66A04175D7C}.Debug|x86.ActiveCfg = Debug|Any CPU
		{3EAC0864-AF79-443E-8600-C66A04175D7C}.Debug|x86.Build.0 = Debug|Any CPU
		{3EAC0864-AF79-443E-8600-C66A04175D7C}.Release|Any CPU.ActiveCfg = Release|Any CPU
		{3EAC0864-AF79-443E-8600-C66A04175D7C}.Release|Any CPU.Build.0 = Release|Any CPU
		{3EAC0864-AF79-443E-8600-C66A04175D7C}.Release|x64.ActiveCfg = Release|Any CPU
		{3EAC0864-AF79-443E-8600-C66A04175D7C}.Release|x64.Build.0 = Release|Any CPU
		{3EAC0864-AF79-443E-8600-C66A04175D7C}.Release|x86.ActiveCfg = Release|Any CPU
		{3EAC0864-AF79-443E-8600-C66A04175D7C}.Release|x86.Build.0 = Release|Any CPU
		{39A31C4C-522C-4657-9190-10B0753818BC}.Debug|Any CPU.ActiveCfg = Debug|Any CPU
		{39A31C4C-522C-4657-9190-10B0753818BC}.Debug|Any CPU.Build.0 = Debug|Any CPU
		{39A31C4C-522C-4657-9190-10B0753818BC}.Debug|x64.ActiveCfg = Debug|Any CPU
		{39A31C4C-522C-4657-9190-10B0753818BC}.Debug|x64.Build.0 = Debug|Any CPU
		{39A31C4C-522C-4657-9190-10B0753818BC}.Debug|x86.ActiveCfg = Debug|Any CPU
		{39A31C4C-522C-4657-9190-10B0753818BC}.Debug|x86.Build.0 = Debug|Any CPU
		{39A31C4C-522C-4657-9190-10B0753818BC}.Release|Any CPU.ActiveCfg = Release|Any CPU
		{39A31C4C-522C-4657-9190-10B0753818BC}.Release|Any CPU.Build.0 = Release|Any CPU
		{39A31C4C-522C-4657-9190-10B0753818BC}.Release|x64.ActiveCfg = Release|Any CPU
		{39A31C4C-522C-4657-9190-10B0753818BC}.Release|x64.Build.0 = Release|Any CPU
		{39A31C4C-522C-4657-9190-10B0753818BC}.Release|x86.ActiveCfg = Release|Any CPU
		{39A31C4C-522C-4657-9190-10B0753818BC}.Release|x86.Build.0 = Release|Any CPU
		{335DBB96-54A1-4166-9B02-35C4C72033EB}.Debug|Any CPU.ActiveCfg = Debug|Any CPU
		{335DBB96-54A1-4166-9B02-35C4C72033EB}.Debug|Any CPU.Build.0 = Debug|Any CPU
		{335DBB96-54A1-4166-9B02-35C4C72033EB}.Debug|x64.ActiveCfg = Debug|Any CPU
		{335DBB96-54A1-4166-9B02-35C4C72033EB}.Debug|x64.Build.0 = Debug|Any CPU
		{335DBB96-54A1-4166-9B02-35C4C72033EB}.Debug|x86.ActiveCfg = Debug|Any CPU
		{335DBB96-54A1-4166-9B02-35C4C72033EB}.Debug|x86.Build.0 = Debug|Any CPU
		{335DBB96-54A1-4166-9B02-35C4C72033EB}.Release|Any CPU.ActiveCfg = Release|Any CPU
		{335DBB96-54A1-4166-9B02-35C4C72033EB}.Release|Any CPU.Build.0 = Release|Any CPU
		{335DBB96-54A1-4166-9B02-35C4C72033EB}.Release|x64.ActiveCfg = Release|Any CPU
		{335DBB96-54A1-4166-9B02-35C4C72033EB}.Release|x64.Build.0 = Release|Any CPU
		{335DBB96-54A1-4166-9B02-35C4C72033EB}.Release|x86.ActiveCfg = Release|Any CPU
		{335DBB96-54A1-4166-9B02-35C4C72033EB}.Release|x86.Build.0 = Release|Any CPU
		{05CE414A-8EEE-4EED-A7C7-88903901D7BC}.Debug|Any CPU.ActiveCfg = Debug|Any CPU
		{05CE414A-8EEE-4EED-A7C7-88903901D7BC}.Debug|Any CPU.Build.0 = Debug|Any CPU
		{05CE414A-8EEE-4EED-A7C7-88903901D7BC}.Debug|x64.ActiveCfg = Debug|Any CPU
		{05CE414A-8EEE-4EED-A7C7-88903901D7BC}.Debug|x64.Build.0 = Debug|Any CPU
		{05CE414A-8EEE-4EED-A7C7-88903901D7BC}.Debug|x86.ActiveCfg = Debug|Any CPU
		{05CE414A-8EEE-4EED-A7C7-88903901D7BC}.Debug|x86.Build.0 = Debug|Any CPU
		{05CE414A-8EEE-4EED-A7C7-88903901D7BC}.Release|Any CPU.ActiveCfg = Release|Any CPU
		{05CE414A-8EEE-4EED-A7C7-88903901D7BC}.Release|Any CPU.Build.0 = Release|Any CPU
		{05CE414A-8EEE-4EED-A7C7-88903901D7BC}.Release|x64.ActiveCfg = Release|Any CPU
		{05CE414A-8EEE-4EED-A7C7-88903901D7BC}.Release|x64.Build.0 = Release|Any CPU
		{05CE414A-8EEE-4EED-A7C7-88903901D7BC}.Release|x86.ActiveCfg = Release|Any CPU
		{05CE414A-8EEE-4EED-A7C7-88903901D7BC}.Release|x86.Build.0 = Release|Any CPU
		{73F91331-C24E-409F-90E6-9411F8A9ECDF}.Debug|Any CPU.ActiveCfg = Debug|Any CPU
		{73F91331-C24E-409F-90E6-9411F8A9ECDF}.Debug|Any CPU.Build.0 = Debug|Any CPU
		{73F91331-C24E-409F-90E6-9411F8A9ECDF}.Debug|x64.ActiveCfg = Debug|Any CPU
		{73F91331-C24E-409F-90E6-9411F8A9ECDF}.Debug|x64.Build.0 = Debug|Any CPU
		{73F91331-C24E-409F-90E6-9411F8A9ECDF}.Debug|x86.ActiveCfg = Debug|Any CPU
		{73F91331-C24E-409F-90E6-9411F8A9ECDF}.Debug|x86.Build.0 = Debug|Any CPU
		{73F91331-C24E-409F-90E6-9411F8A9ECDF}.Release|Any CPU.ActiveCfg = Release|Any CPU
		{73F91331-C24E-409F-90E6-9411F8A9ECDF}.Release|Any CPU.Build.0 = Release|Any CPU
		{73F91331-C24E-409F-90E6-9411F8A9ECDF}.Release|x64.ActiveCfg = Release|Any CPU
		{73F91331-C24E-409F-90E6-9411F8A9ECDF}.Release|x64.Build.0 = Release|Any CPU
		{73F91331-C24E-409F-90E6-9411F8A9ECDF}.Release|x86.ActiveCfg = Release|Any CPU
		{73F91331-C24E-409F-90E6-9411F8A9ECDF}.Release|x86.Build.0 = Release|Any CPU
		{3DC7AE76-A19A-475B-BE22-2590D91B180E}.Debug|Any CPU.ActiveCfg = Debug|Any CPU
		{3DC7AE76-A19A-475B-BE22-2590D91B180E}.Debug|Any CPU.Build.0 = Debug|Any CPU
		{3DC7AE76-A19A-475B-BE22-2590D91B180E}.Debug|x64.ActiveCfg = Debug|Any CPU
		{3DC7AE76-A19A-475B-BE22-2590D91B180E}.Debug|x64.Build.0 = Debug|Any CPU
		{3DC7AE76-A19A-475B-BE22-2590D91B180E}.Debug|x86.ActiveCfg = Debug|Any CPU
		{3DC7AE76-A19A-475B-BE22-2590D91B180E}.Debug|x86.Build.0 = Debug|Any CPU
		{3DC7AE76-A19A-475B-BE22-2590D91B180E}.Release|Any CPU.ActiveCfg = Release|Any CPU
		{3DC7AE76-A19A-475B-BE22-2590D91B180E}.Release|Any CPU.Build.0 = Release|Any CPU
		{3DC7AE76-A19A-475B-BE22-2590D91B180E}.Release|x64.ActiveCfg = Release|Any CPU
		{3DC7AE76-A19A-475B-BE22-2590D91B180E}.Release|x64.Build.0 = Release|Any CPU
		{3DC7AE76-A19A-475B-BE22-2590D91B180E}.Release|x86.ActiveCfg = Release|Any CPU
		{3DC7AE76-A19A-475B-BE22-2590D91B180E}.Release|x86.Build.0 = Release|Any CPU
		{803BCFE6-5652-4DD6-89BC-52620FE24808}.Debug|Any CPU.ActiveCfg = Debug|Any CPU
		{803BCFE6-5652-4DD6-89BC-52620FE24808}.Debug|Any CPU.Build.0 = Debug|Any CPU
		{803BCFE6-5652-4DD6-89BC-52620FE24808}.Debug|x64.ActiveCfg = Debug|Any CPU
		{803BCFE6-5652-4DD6-89BC-52620FE24808}.Debug|x64.Build.0 = Debug|Any CPU
		{803BCFE6-5652-4DD6-89BC-52620FE24808}.Debug|x86.ActiveCfg = Debug|Any CPU
		{803BCFE6-5652-4DD6-89BC-52620FE24808}.Debug|x86.Build.0 = Debug|Any CPU
		{803BCFE6-5652-4DD6-89BC-52620FE24808}.Release|Any CPU.ActiveCfg = Release|Any CPU
		{803BCFE6-5652-4DD6-89BC-52620FE24808}.Release|Any CPU.Build.0 = Release|Any CPU
		{803BCFE6-5652-4DD6-89BC-52620FE24808}.Release|x64.ActiveCfg = Release|Any CPU
		{803BCFE6-5652-4DD6-89BC-52620FE24808}.Release|x64.Build.0 = Release|Any CPU
		{803BCFE6-5652-4DD6-89BC-52620FE24808}.Release|x86.ActiveCfg = Release|Any CPU
		{803BCFE6-5652-4DD6-89BC-52620FE24808}.Release|x86.Build.0 = Release|Any CPU
		{10405A9B-BD8F-4066-B296-55A519200E4D}.Debug|Any CPU.ActiveCfg = Debug|Any CPU
		{10405A9B-BD8F-4066-B296-55A519200E4D}.Debug|Any CPU.Build.0 = Debug|Any CPU
		{10405A9B-BD8F-4066-B296-55A519200E4D}.Debug|x64.ActiveCfg = Debug|Any CPU
		{10405A9B-BD8F-4066-B296-55A519200E4D}.Debug|x64.Build.0 = Debug|Any CPU
		{10405A9B-BD8F-4066-B296-55A519200E4D}.Debug|x86.ActiveCfg = Debug|Any CPU
		{10405A9B-BD8F-4066-B296-55A519200E4D}.Debug|x86.Build.0 = Debug|Any CPU
		{10405A9B-BD8F-4066-B296-55A519200E4D}.Release|Any CPU.ActiveCfg = Release|Any CPU
		{10405A9B-BD8F-4066-B296-55A519200E4D}.Release|Any CPU.Build.0 = Release|Any CPU
		{10405A9B-BD8F-4066-B296-55A519200E4D}.Release|x64.ActiveCfg = Release|Any CPU
		{10405A9B-BD8F-4066-B296-55A519200E4D}.Release|x64.Build.0 = Release|Any CPU
		{10405A9B-BD8F-4066-B296-55A519200E4D}.Release|x86.ActiveCfg = Release|Any CPU
		{10405A9B-BD8F-4066-B296-55A519200E4D}.Release|x86.Build.0 = Release|Any CPU
	EndGlobalSection
	GlobalSection(SolutionProperties) = preSolution
		HideSolutionNode = FALSE
	EndGlobalSection
	GlobalSection(NestedProjects) = preSolution
		{621873E3-7108-4445-A59A-4C96046D5D7A} = {7D5CAF5C-FA8D-4C9B-95F1-3834DA310F47}
		{501BD441-578A-412C-96AA-1B9CE45BBBBF} = {621873E3-7108-4445-A59A-4C96046D5D7A}
		{F0A2FB25-A78E-4592-9834-F34266518DED} = {501BD441-578A-412C-96AA-1B9CE45BBBBF}
		{3EFBAAFA-8203-4D35-A879-A596CC0E8B6F} = {501BD441-578A-412C-96AA-1B9CE45BBBBF}
		{FA431CEC-6EF4-4D13-A00A-14579FEFB149} = {501BD441-578A-412C-96AA-1B9CE45BBBBF}
		{6654163A-5C2F-465E-B541-57B5274B6D11} = {501BD441-578A-412C-96AA-1B9CE45BBBBF}
		{99DFED88-10FB-A485-4FCD-BB0F4424F5A7} = {7D5CAF5C-FA8D-4C9B-95F1-3834DA310F47}
		{51F37690-481E-380E-F450-3E8F19A29BD8} = {99DFED88-10FB-A485-4FCD-BB0F4424F5A7}
		{0DB9F883-DF2E-4FCB-B190-FFF03173F1CA} = {51F37690-481E-380E-F450-3E8F19A29BD8}
		{2E3973E2-4219-4AD4-9D20-A609981D9673} = {51F37690-481E-380E-F450-3E8F19A29BD8}
		{3DBD7D69-7FD7-419E-B22C-AE843B1EFBAB} = {621873E3-7108-4445-A59A-4C96046D5D7A}
		{C475BF62-9A24-1CE1-86E6-7122BFB64F31} = {621873E3-7108-4445-A59A-4C96046D5D7A}
		{9B3965D4-6D0B-49A7-93AE-1D4CF8BB27F6} = {C475BF62-9A24-1CE1-86E6-7122BFB64F31}
		{68B59214-1C1E-4BA5-BFBC-78657CE31739} = {C475BF62-9A24-1CE1-86E6-7122BFB64F31}
		{11E26E9A-4BBA-43A5-A235-0DDFC3C7CAA6} = {C475BF62-9A24-1CE1-86E6-7122BFB64F31}
		{68AAC553-54FF-44CD-A249-A059043D3380} = {C475BF62-9A24-1CE1-86E6-7122BFB64F31}
		{FF8C0057-5409-E7D5-D4E1-A5BA3081D03D} = {621873E3-7108-4445-A59A-4C96046D5D7A}
		{1FAD2745-7CE8-4DAC-8BCD-BC411C7D5768} = {FF8C0057-5409-E7D5-D4E1-A5BA3081D03D}
		{4B1EC8A9-4045-422D-8B54-1442DD93CB1D} = {FF8C0057-5409-E7D5-D4E1-A5BA3081D03D}
		{D0EBFA5D-6378-4901-8D87-E99925802785} = {FF8C0057-5409-E7D5-D4E1-A5BA3081D03D}
		{62C268A6-D6CC-404F-81B2-8A00D5D291E4} = {FF8C0057-5409-E7D5-D4E1-A5BA3081D03D}
		{1E89270F-6465-4868-08FB-3CD3198811C8} = {99DFED88-10FB-A485-4FCD-BB0F4424F5A7}
		{3EAC0864-AF79-443E-8600-C66A04175D7C} = {1E89270F-6465-4868-08FB-3CD3198811C8}
		{9D556B49-86D1-93A7-9596-FFAAB74EC556} = {0AB3BF05-4346-4AA6-1389-037BE0695223}
		{51F29FD8-BB56-D214-A03A-0EB47A7E6900} = {9D556B49-86D1-93A7-9596-FFAAB74EC556}
		{47188E49-1D16-117B-0658-6647BF311DBC} = {51F29FD8-BB56-D214-A03A-0EB47A7E6900}
		{39A31C4C-522C-4657-9190-10B0753818BC} = {47188E49-1D16-117B-0658-6647BF311DBC}
		{335DBB96-54A1-4166-9B02-35C4C72033EB} = {1E89270F-6465-4868-08FB-3CD3198811C8}
		{7708F16F-E5A5-9E49-F7B1-449E6CAE3D82} = {99DFED88-10FB-A485-4FCD-BB0F4424F5A7}
		{05CE414A-8EEE-4EED-A7C7-88903901D7BC} = {7708F16F-E5A5-9E49-F7B1-449E6CAE3D82}
		{73F91331-C24E-409F-90E6-9411F8A9ECDF} = {7708F16F-E5A5-9E49-F7B1-449E6CAE3D82}
		{3DC7AE76-A19A-475B-BE22-2590D91B180E} = {7708F16F-E5A5-9E49-F7B1-449E6CAE3D82}
		{803BCFE6-5652-4DD6-89BC-52620FE24808} = {7708F16F-E5A5-9E49-F7B1-449E6CAE3D82}
		{10405A9B-BD8F-4066-B296-55A519200E4D} = {99DFED88-10FB-A485-4FCD-BB0F4424F5A7}
	EndGlobalSection
EndGlobal
