Microsoft Visual Studio Solution File, Format Version 12.00
# Visual Studio Version 17
VisualStudioVersion = 17.5.2.0
MinimumVisualStudioVersion = 10.0.40219.1
Project("{FAE04EC0-301F-11D3-BF4B-00C04F79EFBC}") = "FunctionalService", "FunctionalService\FunctionalService.csproj", "{E78B781A-5B94-6EE9-56B3-D49469F5FFE0}"
EndProject
Project("{2150E333-8FDC-42A3-9474-1A3956D46DE8}") = "IdentityService", "IdentityService", "{C92C2A6C-C7DF-3B17-8CE7-85FC08468CCF}"
EndProject
Project("{2150E333-8FDC-42A3-9474-1A3956D46DE8}") = "PropertyService", "PropertyService", "{7CC6982A-0FFE-F09A-1E13-6E66C2D6473F}"
EndProject
Project("{2150E333-8FDC-42A3-9474-1A3956D46DE8}") = "PaymentService", "PaymentService", "{BB3827F1-F3A2-E5D7-C0A8-E90CBCD5CE04}"
EndProject
Project("{FAE04EC0-301F-11D3-BF4B-00C04F79EFBC}") = "IdentityService.Domain", "IdentityService\IdentityService.Domain\IdentityService.Domain.csproj", "{F5150E0E-CDEF-D9C1-8BCB-7EB6E889992E}"
EndProject
Project("{FAE04EC0-301F-11D3-BF4B-00C04F79EFBC}") = "IdentityService.Application", "IdentityService\IdentityService.Application\IdentityService.Application.csproj", "{4B570668-7BFD-1136-1760-1A32EBA54ADA}"
EndProject
Project("{FAE04EC0-301F-11D3-BF4B-00C04F79EFBC}") = "IdentityService.Infrastructure", "IdentityService\IdentityService.Infrastructure\IdentityService.Infrastructure.csproj", "{5C33C9F5-72CB-B684-B09E-65FA251E74E4}"
EndProject
Project("{FAE04EC0-301F-11D3-BF4B-00C04F79EFBC}") = "IdentityService.API", "IdentityService\IdentityService.API\IdentityService.API.csproj", "{57026528-2641-2859-47F9-9F477CC789D5}"
EndProject
Project("{FAE04EC0-301F-11D3-BF4B-00C04F79EFBC}") = "PropertyService.API", "PropertyService\PropertyService.API\PropertyService.API.csproj", "{A76FAD5B-EDA8-C534-7484-3A20CF93E781}"
EndProject
Project("{FAE04EC0-301F-11D3-BF4B-00C04F79EFBC}") = "PropertyService.Application", "PropertyService\PropertyService.Application\PropertyService.Application.csproj", "{622EDE59-D611-AFD5-3E7E-3D0B17EA4D9C}"
EndProject
Project("{FAE04EC0-301F-11D3-BF4B-00C04F79EFBC}") = "PropertyService.Domain", "PropertyService\PropertyService.Domain\PropertyService.Domain.csproj", "{32AFF7F1-FBB4-142C-2871-B9EF13A48BD1}"
EndProject
Project("{FAE04EC0-301F-11D3-BF4B-00C04F79EFBC}") = "PropertyService.Infrastructure", "PropertyService\PropertyService.Infrastructure\PropertyService.Infrastructure.csproj", "{019C4F2C-28D6-67D4-DAAD-7E6D848EBF49}"
EndProject
Project("{FAE04EC0-301F-11D3-BF4B-00C04F79EFBC}") = "PaymentService.API", "PaymentService\PaymentService.API\PaymentService.API.csproj", "{4D9E8AD5-3094-6CC1-D2BA-DA1F6787D989}"
EndProject
Project("{FAE04EC0-301F-11D3-BF4B-00C04F79EFBC}") = "PaymentService.Application", "PaymentService\PaymentService.Application\PaymentService.Application.csproj", "{95DAF378-BD34-5BC6-6258-E41154F79B3D}"
EndProject
Project("{FAE04EC0-301F-11D3-BF4B-00C04F79EFBC}") = "PaymentService.Domain", "PaymentService\PaymentService.Domain\PaymentService.Domain.csproj", "{63CA8526-48A0-2239-5ECE-C1694776CA91}"
EndProject
Project("{FAE04EC0-301F-11D3-BF4B-00C04F79EFBC}") = "PaymentService.Infrastructure", "PaymentService\PaymentService.Infrastructure\PaymentService.Infrastructure.csproj", "{AE1D54E7-AA95-16A1-DBE4-BF099E79856A}"
EndProject
Global
	GlobalSection(SolutionConfigurationPlatforms) = preSolution
		Debug|Any CPU = Debug|Any CPU
		Release|Any CPU = Release|Any CPU
	EndGlobalSection
	GlobalSection(ProjectConfigurationPlatforms) = postSolution
		{E78B781A-5B94-6EE9-56B3-D49469F5FFE0}.Debug|Any CPU.ActiveCfg = Debug|Any CPU
		{E78B781A-5B94-6EE9-56B3-D49469F5FFE0}.Debug|Any CPU.Build.0 = Debug|Any CPU
		{E78B781A-5B94-6EE9-56B3-D49469F5FFE0}.Release|Any CPU.ActiveCfg = Release|Any CPU
		{E78B781A-5B94-6EE9-56B3-D49469F5FFE0}.Release|Any CPU.Build.0 = Release|Any CPU
		{F5150E0E-CDEF-D9C1-8BCB-7EB6E889992E}.Debug|Any CPU.ActiveCfg = Debug|Any CPU
		{F5150E0E-CDEF-D9C1-8BCB-7EB6E889992E}.Debug|Any CPU.Build.0 = Debug|Any CPU
		{F5150E0E-CDEF-D9C1-8BCB-7EB6E889992E}.Release|Any CPU.ActiveCfg = Release|Any CPU
		{F5150E0E-CDEF-D9C1-8BCB-7EB6E889992E}.Release|Any CPU.Build.0 = Release|Any CPU
		{4B570668-7BFD-1136-1760-1A32EBA54ADA}.Debug|Any CPU.ActiveCfg = Debug|Any CPU
		{4B570668-7BFD-1136-1760-1A32EBA54ADA}.Debug|Any CPU.Build.0 = Debug|Any CPU
		{4B570668-7BFD-1136-1760-1A32EBA54ADA}.Release|Any CPU.ActiveCfg = Release|Any CPU
		{4B570668-7BFD-1136-1760-1A32EBA54ADA}.Release|Any CPU.Build.0 = Release|Any CPU
		{5C33C9F5-72CB-B684-B09E-65FA251E74E4}.Debug|Any CPU.ActiveCfg = Debug|Any CPU
		{5C33C9F5-72CB-B684-B09E-65FA251E74E4}.Debug|Any CPU.Build.0 = Debug|Any CPU
		{5C33C9F5-72CB-B684-B09E-65FA251E74E4}.Release|Any CPU.ActiveCfg = Release|Any CPU
		{5C33C9F5-72CB-B684-B09E-65FA251E74E4}.Release|Any CPU.Build.0 = Release|Any CPU
		{57026528-2641-2859-47F9-9F477CC789D5}.Debug|Any CPU.ActiveCfg = Debug|Any CPU
		{57026528-2641-2859-47F9-9F477CC789D5}.Debug|Any CPU.Build.0 = Debug|Any CPU
		{57026528-2641-2859-47F9-9F477CC789D5}.Release|Any CPU.ActiveCfg = Release|Any CPU
		{57026528-2641-2859-47F9-9F477CC789D5}.Release|Any CPU.Build.0 = Release|Any CPU
		{A76FAD5B-EDA8-C534-7484-3A20CF93E781}.Debug|Any CPU.ActiveCfg = Debug|Any CPU
		{A76FAD5B-EDA8-C534-7484-3A20CF93E781}.Debug|Any CPU.Build.0 = Debug|Any CPU
		{A76FAD5B-EDA8-C534-7484-3A20CF93E781}.Release|Any CPU.ActiveCfg = Release|Any CPU
		{A76FAD5B-EDA8-C534-7484-3A20CF93E781}.Release|Any CPU.Build.0 = Release|Any CPU
		{622EDE59-D611-AFD5-3E7E-3D0B17EA4D9C}.Debug|Any CPU.ActiveCfg = Debug|Any CPU
		{622EDE59-D611-AFD5-3E7E-3D0B17EA4D9C}.Debug|Any CPU.Build.0 = Debug|Any CPU
		{622EDE59-D611-AFD5-3E7E-3D0B17EA4D9C}.Release|Any CPU.ActiveCfg = Release|Any CPU
		{622EDE59-D611-AFD5-3E7E-3D0B17EA4D9C}.Release|Any CPU.Build.0 = Release|Any CPU
		{32AFF7F1-FBB4-142C-2871-B9EF13A48BD1}.Debug|Any CPU.ActiveCfg = Debug|Any CPU
		{32AFF7F1-FBB4-142C-2871-B9EF13A48BD1}.Debug|Any CPU.Build.0 = Debug|Any CPU
		{32AFF7F1-FBB4-142C-2871-B9EF13A48BD1}.Release|Any CPU.ActiveCfg = Release|Any CPU
		{32AFF7F1-FBB4-142C-2871-B9EF13A48BD1}.Release|Any CPU.Build.0 = Release|Any CPU
		{019C4F2C-28D6-67D4-DAAD-7E6D848EBF49}.Debug|Any CPU.ActiveCfg = Debug|Any CPU
		{019C4F2C-28D6-67D4-DAAD-7E6D848EBF49}.Debug|Any CPU.Build.0 = Debug|Any CPU
		{019C4F2C-28D6-67D4-DAAD-7E6D848EBF49}.Release|Any CPU.ActiveCfg = Release|Any CPU
		{019C4F2C-28D6-67D4-DAAD-7E6D848EBF49}.Release|Any CPU.Build.0 = Release|Any CPU
		{4D9E8AD5-3094-6CC1-D2BA-DA1F6787D989}.Debug|Any CPU.ActiveCfg = Debug|Any CPU
		{4D9E8AD5-3094-6CC1-D2BA-DA1F6787D989}.Debug|Any CPU.Build.0 = Debug|Any CPU
		{4D9E8AD5-3094-6CC1-D2BA-DA1F6787D989}.Release|Any CPU.ActiveCfg = Release|Any CPU
		{4D9E8AD5-3094-6CC1-D2BA-DA1F6787D989}.Release|Any CPU.Build.0 = Release|Any CPU
		{95DAF378-BD34-5BC6-6258-E41154F79B3D}.Debug|Any CPU.ActiveCfg = Debug|Any CPU
		{95DAF378-BD34-5BC6-6258-E41154F79B3D}.Debug|Any CPU.Build.0 = Debug|Any CPU
		{95DAF378-BD34-5BC6-6258-E41154F79B3D}.Release|Any CPU.ActiveCfg = Release|Any CPU
		{95DAF378-BD34-5BC6-6258-E41154F79B3D}.Release|Any CPU.Build.0 = Release|Any CPU
		{63CA8526-48A0-2239-5ECE-C1694776CA91}.Debug|Any CPU.ActiveCfg = Debug|Any CPU
		{63CA8526-48A0-2239-5ECE-C1694776CA91}.Debug|Any CPU.Build.0 = Debug|Any CPU
		{63CA8526-48A0-2239-5ECE-C1694776CA91}.Release|Any CPU.ActiveCfg = Release|Any CPU
		{63CA8526-48A0-2239-5ECE-C1694776CA91}.Release|Any CPU.Build.0 = Release|Any CPU
		{AE1D54E7-AA95-16A1-DBE4-BF099E79856A}.Debug|Any CPU.ActiveCfg = Debug|Any CPU
		{AE1D54E7-AA95-16A1-DBE4-BF099E79856A}.Debug|Any CPU.Build.0 = Debug|Any CPU
		{AE1D54E7-AA95-16A1-DBE4-BF099E79856A}.Release|Any CPU.ActiveCfg = Release|Any CPU
		{AE1D54E7-AA95-16A1-DBE4-BF099E79856A}.Release|Any CPU.Build.0 = Release|Any CPU
	EndGlobalSection
	GlobalSection(SolutionProperties) = preSolution
		HideSolutionNode = FALSE
	EndGlobalSection
	GlobalSection(NestedProjects) = preSolution
		{F5150E0E-CDEF-D9C1-8BCB-7EB6E889992E} = {C92C2A6C-C7DF-3B17-8CE7-85FC08468CCF}
		{4B570668-7BFD-1136-1760-1A32EBA54ADA} = {C92C2A6C-C7DF-3B17-8CE7-85FC08468CCF}
		{5C33C9F5-72CB-B684-B09E-65FA251E74E4} = {C92C2A6C-C7DF-3B17-8CE7-85FC08468CCF}
		{57026528-2641-2859-47F9-9F477CC789D5} = {C92C2A6C-C7DF-3B17-8CE7-85FC08468CCF}
		{A76FAD5B-EDA8-C534-7484-3A20CF93E781} = {7CC6982A-0FFE-F09A-1E13-6E66C2D6473F}
		{622EDE59-D611-AFD5-3E7E-3D0B17EA4D9C} = {7CC6982A-0FFE-F09A-1E13-6E66C2D6473F}
		{32AFF7F1-FBB4-142C-2871-B9EF13A48BD1} = {7CC6982A-0FFE-F09A-1E13-6E66C2D6473F}
		{019C4F2C-28D6-67D4-DAAD-7E6D848EBF49} = {7CC6982A-0FFE-F09A-1E13-6E66C2D6473F}
		{4D9E8AD5-3094-6CC1-D2BA-DA1F6787D989} = {BB3827F1-F3A2-E5D7-C0A8-E90CBCD5CE04}
		{95DAF378-BD34-5BC6-6258-E41154F79B3D} = {BB3827F1-F3A2-E5D7-C0A8-E90CBCD5CE04}
		{63CA8526-48A0-2239-5ECE-C1694776CA91} = {BB3827F1-F3A2-E5D7-C0A8-E90CBCD5CE04}
		{AE1D54E7-AA95-16A1-DBE4-BF099E79856A} = {BB3827F1-F3A2-E5D7-C0A8-E90CBCD5CE04}
	EndGlobalSection
	GlobalSection(ExtensibilityGlobals) = postSolution
		SolutionGuid = {1339CECE-BBFF-4E8F-AA25-51479BF926C3}
	EndGlobalSection
EndGlobal
